
Microsoft Visual Studio Solution File, Format Version 12.00
# Visual Studio Version 17
VisualStudioVersion = 17.0.31903.59
MinimumVisualStudioVersion = 10.0.40219.1
Project("{FAE04EC0-301F-11D3-BF4B-00C04F79EFBC}") = "ProductivityConf.AiPairProgramming.Library", "ProductivityConf.AiPairProgramming.Library\ProductivityConf.AiPairProgramming.Library.csproj", "{9FCB1610-EBD0-4495-A0DC-462577562666}"
EndProject
Project("{FAE04EC0-301F-11D3-BF4B-00C04F79EFBC}") = "ProductivityConf.AiPairProgramming.Tests", "ProductivityConf.AiPairProgramming.Tests\ProductivityConf.AiPairProgramming.Tests.csproj", "{6503A70B-11D6-4E10-9095-4E13DA107BD9}"
EndProject
Global
	GlobalSection(SolutionConfigurationPlatforms) = preSolution
		Debug|Any CPU = Debug|Any CPU
		Release|Any CPU = Release|Any CPU
	EndGlobalSection
	GlobalSection(SolutionProperties) = preSolution
		HideSolutionNode = FALSE
	EndGlobalSection
	GlobalSection(ProjectConfigurationPlatforms) = postSolution
		{9FCB1610-EBD0-4495-A0DC-462577562666}.Debug|Any CPU.ActiveCfg = Debug|Any CPU
		{9FCB1610-EBD0-4495-A0DC-462577562666}.Debug|Any CPU.Build.0 = Debug|Any CPU
		{9FCB1610-EBD0-4495-A0DC-462577562666}.Release|Any CPU.ActiveCfg = Release|Any CPU
		{9FCB1610-EBD0-4495-A0DC-462577562666}.Release|Any CPU.Build.0 = Release|Any CPU
		{6503A70B-11D6-4E10-9095-4E13DA107BD9}.Debug|Any CPU.ActiveCfg = Debug|Any CPU
		{6503A70B-11D6-4E10-9095-4E13DA107BD9}.Debug|Any CPU.Build.0 = Debug|Any CPU
		{6503A70B-11D6-4E10-9095-4E13DA107BD9}.Release|Any CPU.ActiveCfg = Release|Any CPU
		{6503A70B-11D6-4E10-9095-4E13DA107BD9}.Release|Any CPU.Build.0 = Release|Any CPU
	EndGlobalSection
EndGlobal
